Microsoft Visual Studio Solution File, Format Version 12.00
# Visual Studio Version 17
VisualStudioVersion = 17.5.2.0
MinimumVisualStudioVersion = 10.0.40219.1
Project("{FAE04EC0-301F-11D3-BF4B-00C04F79EFBC}") = "AspireApi", "AspireApi.csproj", "{F4FBF5B2-3848-ACB2-20EF-107A519A7860}"
EndProject
Global
	GlobalSection(SolutionConfigurationPlatforms) = preSolution
		Debug|Any CPU = Debug|Any CPU
		Release|Any CPU = Release|Any CPU
	EndGlobalSection
	GlobalSection(ProjectConfigurationPlatforms) = postSolution
		{F4FBF5B2-3848-ACB2-20EF-107A519A7860}.Debug|Any CPU.ActiveCfg = Debug|Any CPU
		{F4FBF5B2-3848-ACB2-20EF-107A519A7860}.Debug|Any CPU.Build.0 = Debug|Any CPU
		{F4FBF5B2-3848-ACB2-20EF-107A519A7860}.Release|Any CPU.ActiveCfg = Release|Any CPU
		{F4FBF5B2-3848-ACB2-20EF-107A519A7860}.Release|Any CPU.Build.0 = Release|Any CPU
	EndGlobalSection
	GlobalSection(SolutionProperties) = preSolution
		HideSolutionNode = FALSE
	EndGlobalSection
	GlobalSection(ExtensibilityGlobals) = postSolution
		SolutionGuid = {AF213469-DEFA-49FA-AF8B-9D5BE153F756}
	EndGlobalSection
EndGlobal
